
Microsoft Visual Studio Solution File, Format Version 12.00
# Visual Studio Version 16
VisualStudioVersion = 16.0.30517.126
MinimumVisualStudioVersion = 10.0.40219.1
Project("{FAE04EC0-301F-11D3-BF4B-00C04F79EFBC}") = "TreadConsoleApp", "TreadConsoleApp\TreadConsoleApp.csproj", "{793E5927-A1E9-4D13-AAE0-99175D49D7E7}"
EndProject
Global
	GlobalSection(SolutionConfigurationPlatforms) = preSolution
		Debug|Any CPU = Debug|Any CPU
		Release|Any CPU = Release|Any CPU
	EndGlobalSection
	GlobalSection(ProjectConfigurationPlatforms) = postSolution
		{793E5927-A1E9-4D13-AAE0-99175D49D7E7}.Debug|Any CPU.ActiveCfg = Debug|Any CPU
		{793E5927-A1E9-4D13-AAE0-99175D49D7E7}.Debug|Any CPU.Build.0 = Debug|Any CPU
		{793E5927-A1E9-4D13-AAE0-99175D49D7E7}.Release|Any CPU.ActiveCfg = Release|Any CPU
		{793E5927-A1E9-4D13-AAE0-99175D49D7E7}.Release|Any CPU.Build.0 = Release|Any CPU
	EndGlobalSection
	GlobalSection(SolutionProperties) = preSolution
		HideSolutionNode = FALSE
	EndGlobalSection
	GlobalSection(ExtensibilityGlobals) = postSolution
		SolutionGuid = {2271C4A9-B355-45FE-BB3C-55307314D437}
	EndGlobalSection
EndGlobal
